Microsoft Visual Studio Solution File, Format Version 12.00
# Visual Studio Version 17
VisualStudioVersion = 17.0.31903.59
MinimumVisualStudioVersion = 10.0.40219.1
Project("{FAE04EC0-301F-11D3-BF4B-00C04F79EFBC}") = "ClassesProject", "ClassesProject\ClassesProject.csproj", "{67041778-9FC1-4CEE-A749-BF0C1413ADD7}"
EndProject
Project("{FAE04EC0-301F-11D3-BF4B-00C04F79EFBC}") = "ClassesFieldsProject", "ClassesFieldsProject\ClassesFieldsProject.csproj", "{003F5791-5CC0-4F45-A30F-E7A01FC894DD}"
EndProject
Project("{FAE04EC0-301F-11D3-BF4B-00C04F79EFBC}") = "ClassesAccessModifiers", "ClassesAccessModifiers\ClassesAccessModifiers.csproj", "{4A3F9BE2-EB08-4CB6-BE22-A970D501DBBC}"
EndProject
Project("{FAE04EC0-301F-11D3-BF4B-00C04F79EFBC}") = "ClassProperty", "ClassProperty\ClassProperty.csproj", "{CA6B020F-518B-4233-9921-458F8B8D067E}"
EndProject
Project("{FAE04EC0-301F-11D3-BF4B-00C04F79EFBC}") = "ClassIndexer", "ClassIndexer\ClassIndexer.csproj", "{F18F0D1B-DF4A-4FBF-917B-D95EC1B1EEAD}"
EndProject
Global
	GlobalSection(SolutionConfigurationPlatforms) = preSolution
		Debug|Any CPU = Debug|Any CPU
		Release|Any CPU = Release|Any CPU
	EndGlobalSection
	GlobalSection(SolutionProperties) = preSolution
		HideSolutionNode = FALSE
	EndGlobalSection
	GlobalSection(ProjectConfigurationPlatforms) = postSolution
		{67041778-9FC1-4CEE-A749-BF0C1413ADD7}.Debug|Any CPU.ActiveCfg = Debug|Any CPU
		{67041778-9FC1-4CEE-A749-BF0C1413ADD7}.Debug|Any CPU.Build.0 = Debug|Any CPU
		{67041778-9FC1-4CEE-A749-BF0C1413ADD7}.Release|Any CPU.ActiveCfg = Release|Any CPU
		{67041778-9FC1-4CEE-A749-BF0C1413ADD7}.Release|Any CPU.Build.0 = Release|Any CPU
		{003F5791-5CC0-4F45-A30F-E7A01FC894DD}.Debug|Any CPU.ActiveCfg = Debug|Any CPU
		{003F5791-5CC0-4F45-A30F-E7A01FC894DD}.Debug|Any CPU.Build.0 = Debug|Any CPU
		{003F5791-5CC0-4F45-A30F-E7A01FC894DD}.Release|Any CPU.ActiveCfg = Release|Any CPU
		{003F5791-5CC0-4F45-A30F-E7A01FC894DD}.Release|Any CPU.Build.0 = Release|Any CPU
		{4A3F9BE2-EB08-4CB6-BE22-A970D501DBBC}.Debug|Any CPU.ActiveCfg = Debug|Any CPU
		{4A3F9BE2-EB08-4CB6-BE22-A970D501DBBC}.Debug|Any CPU.Build.0 = Debug|Any CPU
		{4A3F9BE2-EB08-4CB6-BE22-A970D501DBBC}.Release|Any CPU.ActiveCfg = Release|Any CPU
		{4A3F9BE2-EB08-4CB6-BE22-A970D501DBBC}.Release|Any CPU.Build.0 = Release|Any CPU
		{CA6B020F-518B-4233-9921-458F8B8D067E}.Debug|Any CPU.ActiveCfg = Debug|Any CPU
		{CA6B020F-518B-4233-9921-458F8B8D067E}.Debug|Any CPU.Build.0 = Debug|Any CPU
		{CA6B020F-518B-4233-9921-458F8B8D067E}.Release|Any CPU.ActiveCfg = Release|Any CPU
		{CA6B020F-518B-4233-9921-458F8B8D067E}.Release|Any CPU.Build.0 = Release|Any CPU
		{F18F0D1B-DF4A-4FBF-917B-D95EC1B1EEAD}.Debug|Any CPU.ActiveCfg = Debug|Any CPU
		{F18F0D1B-DF4A-4FBF-917B-D95EC1B1EEAD}.Debug|Any CPU.Build.0 = Debug|Any CPU
		{F18F0D1B-DF4A-4FBF-917B-D95EC1B1EEAD}.Release|Any CPU.ActiveCfg = Release|Any CPU
		{F18F0D1B-DF4A-4FBF-917B-D95EC1B1EEAD}.Release|Any CPU.Build.0 = Release|Any CPU
	EndGlobalSection
	GlobalSection(ExtensibilityGlobals) = postSolution
		StartupProject = ClassesProject
	EndGlobalSection
EndGlobal
